// !$*UTF8*$!
{
	archiveVersion = 1;
	classes = {
	};
	objectVersion = 56;
	objects = {

/* Begin PBXBuildFile section */
		3E8E8440A5034EA4A78E134F /* WindowSnappingService.swift in Sources */ = {isa = PBXBuildFile; fileRef = 12E36F08F0464D2BADD7B886 /* WindowSnappingService.swift */; };
		F17151A93D0740C6295F5929 /* WindowCutPasteService.swift in Sources */ = {isa = PBXBuildFile; fileRef = 0B9566837BB2805B2BB39E9C /* WindowCutPasteService.swift */; };
		554664E9216AD4758CA6043F /* FileCutPasteService.swift in Sources */ = {isa = PBXBuildFile; fileRef = E1BD7E45C1443A57D3E7D08A /* FileCutPasteService.swift */; };
		C0C2C1BA0089B6EEBDEA7C26 /* CaffeinateService.swift in Sources */ = {isa = PBXBuildFile; fileRef = 1D62F6ECA77DE205959EA32E /* CaffeinateService.swift */; };
		8FE40C95F4D325608464BB43 /* SnapLayoutsService.swift in Sources */ = {isa = PBXBuildFile; fileRef = F61EB05C69A93F366DCB4A28 /* SnapLayoutsService.swift */; };
		0E2CE5D098313C52DA5B40BB /* WindowSwitcherService.swift in Sources */ = {isa = PBXBuildFile; fileRef = EFE000523334D93C58DCCF3C /* WindowSwitcherService.swift */; };
		61DF44EC59BFD918993EEFA6 /* SystemControlsService.swift in Sources */ = {isa = PBXBuildFile; fileRef = BE1E595A301027BC8D0D3843 /* SystemControlsService.swift */; };
		55B828C3ED3B8CEA41D27B46 /* FinderExtensionStatus.swift in Sources */ = {isa = PBXBuildFile; fileRef = 9E94E4FF33A70805A46FB5B1 /* FinderExtensionStatus.swift */; };
		5DDF7947BCAA28AEC95E049A /* MeetingsService.swift in Sources */ = {isa = PBXBuildFile; fileRef = 370707631BAB168E23D5599C /* MeetingsService.swift */; };
		7C49F31B3909702F7899639F /* DisplayKeysService.swift in Sources */ = {isa = PBXBuildFile; fileRef = AE94E38BFF8BC8D3CF26D9DA /* DisplayKeysService.swift */; };
		0A76B02B2BBA44720D885117 /* DisplayBrightnessService.swift in Sources */ = {isa = PBXBuildFile; fileRef = 6A4167340C51A3568C3AF833 /* DisplayBrightnessService.swift */; };
		EA55D0AE3C2F8D4C5A1E2677 /* EventTapThread.swift in Sources */ = {isa = PBXBuildFile; fileRef = 8F4578CEA03E1CC3C1A69893 /* EventTapThread.swift */; };
		28EAF47FBC1C22A2F11F80DA /* DDCPrivateSymbols.swift in Sources */ = {isa = PBXBuildFile; fileRef = 77BCD54C7E7D22810C437159 /* DDCPrivateSymbols.swift */; };
		40143AC680A92CF29BC9AE30 /* AudioProcessMixerService.swift in Sources */ = {isa = PBXBuildFile; fileRef = F7D13A664FB608966F3F2932 /* AudioProcessMixerService.swift */; };
		2D5B490A7CE5ABA23699E118 /* VolumeMixerSettingsPane.swift in Sources */ = {isa = PBXBuildFile; fileRef = C077CBBBF2DC20923F1BEE06 /* VolumeMixerSettingsPane.swift */; };
		86983F25D48233F1F12A9B54 /* ClipboardHistoryService.swift in Sources */ = {isa = PBXBuildFile; fileRef = 114EAAB4F7ECBC5367D1F56C /* ClipboardHistoryService.swift */; };
		468B4E45868D4DD295A99A4A /* NotchTypes.swift in Sources */ = {isa = PBXBuildFile; fileRef = FB19F4D535C54C8A843E9381 /* NotchTypes.swift */; };
		E31BA590636557258287A190 /* AmbientColor.swift in Sources */ = {isa = PBXBuildFile; fileRef = C89AAEF6725637658FA11CB5 /* AmbientColor.swift */; };
		DDC7AFF507E0D0D6D2CF5CEA /* MarqueeText.swift in Sources */ = {isa = PBXBuildFile; fileRef = 28CF7D0009E9937F17EEEEF3 /* MarqueeText.swift */; };
		5F8E6717B8D749EF8C44C12B /* NotchContentView.swift in Sources */ = {isa = PBXBuildFile; fileRef = 5E40FF692D6549399922F7A2 /* NotchContentView.swift */; };
		680207686D59420B9D70469A /* NotchService.swift in Sources */ = {isa = PBXBuildFile; fileRef = FD3648F803A94D75981B0769 /* NotchService.swift */; };
		BB0100000000000000000001 /* AugmentApp.swift in Sources */ = {isa = PBXBuildFile; fileRef = EE01000000000000000000B1 /* AugmentApp.swift */; };
		BB0100000000000000000002 /* AppDelegate.swift in Sources */ = {isa = PBXBuildFile; fileRef = EE01000000000000000000B2 /* AppDelegate.swift */; };
		82905E81026E8684AEB1F032 /* SelfTest.swift in Sources */ = {isa = PBXBuildFile; fileRef = DFF901FD762092A5FF549D01 /* SelfTest.swift */; };
		696C53C4C602AB45DE702ABB /* FuncTest.swift in Sources */ = {isa = PBXBuildFile; fileRef = FBE45FA7B18FD3BDBD620C81 /* FuncTest.swift */; };
		BB0100000000000000000003 /* PermissionCoordinator.swift in Sources */ = {isa = PBXBuildFile; fileRef = EE01000000000000000000B3 /* PermissionCoordinator.swift */; };
		0969C9BD7073EE450DF40448 /* FeaturePermissions.swift in Sources */ = {isa = PBXBuildFile; fileRef = B91459B780DD0EF8467D9F33 /* FeaturePermissions.swift */; };
		BB0100000000000000000004 /* AppGroupConstants.swift in Sources */ = {isa = PBXBuildFile; fileRef = EE01000000000000000000A1 /* AppGroupConstants.swift */; };
		BB0100000000000000000005 /* SharedPreferences.swift in Sources */ = {isa = PBXBuildFile; fileRef = EE01000000000000000000A2 /* SharedPreferences.swift */; };
		BB0100000000000000000006 /* DockInteractionService.swift in Sources */ = {isa = PBXBuildFile; fileRef = EE01000000000000000000B4 /* DockInteractionService.swift */; };
		BB0100000000000000000007 /* WindowDiscoveryService.swift in Sources */ = {isa = PBXBuildFile; fileRef = EE01000000000000000000B5 /* WindowDiscoveryService.swift */; };
		BB0100000000000000000008 /* VisualEffectView.swift in Sources */ = {isa = PBXBuildFile; fileRef = EE01000000000000000000B6 /* VisualEffectView.swift */; };
		BB0100000000000000000009 /* PermissionView.swift in Sources */ = {isa = PBXBuildFile; fileRef = EE01000000000000000000B7 /* PermissionView.swift */; };
		BB010000000000000000000A /* OnboardingWindow.swift in Sources */ = {isa = PBXBuildFile; fileRef = EE01000000000000000000B8 /* OnboardingWindow.swift */; };
		BB010000000000000000000B /* Assets.xcassets in Resources */ = {isa = PBXBuildFile; fileRef = EE01000000000000000000BB /* Assets.xcassets */; };
		BB010000000000000000000C /* AugmentFinder.appex in Embed Foundation Extensions */ = {isa = PBXBuildFile; fileRef = EE01000000000000000000C4 /* AugmentFinder.appex */; settings = {ATTRIBUTES = (RemoveHeadersOnCopy, ); }; };
		BB010000000000000000000D /* AugmentQL.appex in Embed Foundation Extensions */ = {isa = PBXBuildFile; fileRef = EE01000000000000000000D4 /* AugmentQL.appex */; settings = {ATTRIBUTES = (RemoveHeadersOnCopy, ); }; };
		BB0100000000000000000012 /* DockPreviewPanelController.swift in Sources */ = {isa = PBXBuildFile; fileRef = EE01000000000000000000F1 /* DockPreviewPanelController.swift */; };
		BB0100000000000000000013 /* DockPreviewView.swift in Sources */ = {isa = PBXBuildFile; fileRef = EE01000000000000000000F2 /* DockPreviewView.swift */; };
		BB0100000000000000000014 /* WindowThumbnailCell.swift in Sources */ = {isa = PBXBuildFile; fileRef = EE01000000000000000000F3 /* WindowThumbnailCell.swift */; };
		BB0100000000000000000015 /* SettingsWindow.swift in Sources */ = {isa = PBXBuildFile; fileRef = EE01000000000000000000F4 /* SettingsWindow.swift */; };
		63B9064524B7B3E0166650CB /* SettingsPages.swift in Sources */ = {isa = PBXBuildFile; fileRef = 076FCA03BCA773806F13022D /* SettingsPages.swift */; };
		90D09F265ED7FF2FA81F487D /* MirrorView.swift in Sources */ = {isa = PBXBuildFile; fileRef = ED3A034DF7D3D89F818E5984 /* MirrorView.swift */; };
		071EA2B531D95BE2684A9464 /* SettingsExtras.swift in Sources */ = {isa = PBXBuildFile; fileRef = 4512C512C519FBCDE1C79563 /* SettingsExtras.swift */; };
		9818B199B973AB3227754A32 /* ClipboardPanel.swift in Sources */ = {isa = PBXBuildFile; fileRef = C83C06B5855A2289411119ED /* ClipboardPanel.swift */; };
		1A557829A1233B1A66896309 /* QuickPanel.swift in Sources */ = {isa = PBXBuildFile; fileRef = CFC7F92EB2D778A44945D335 /* QuickPanel.swift */; };
		BB0100000000000000000016 /* ScreenGeometry.swift in Sources */ = {isa = PBXBuildFile; fileRef = EE01000000000000000000F5 /* ScreenGeometry.swift */; };
		BB0100000000000000000017 /* MouseEventCatcher.swift in Sources */ = {isa = PBXBuildFile; fileRef = EE01000000000000000000F6 /* MouseEventCatcher.swift */; };
		BB0100000000000000000018 /* FileTemplateFactory.swift in Sources */ = {isa = PBXBuildFile; fileRef = EE01000000000000000000C5 /* FileTemplateFactory.swift */; };
		BB0100000000000000000019 /* PreferenceDefaults.swift in Sources */ = {isa = PBXBuildFile; fileRef = EE01000000000000000000A3 /* PreferenceDefaults.swift */; };
		BB010000000000000000001A /* AXElementCoercion.swift in Sources */ = {isa = PBXBuildFile; fileRef = EE01000000000000000000B0 /* AXElementCoercion.swift */; };
		BB010000000000000000001B /* FinderBridgeService.swift in Sources */ = {isa = PBXBuildFile; fileRef = EE01000000000000000000B0B /* FinderBridgeService.swift */; };
		BB010000000000000000001C /* MediaRemoteProvider.swift in Sources */ = {isa = PBXBuildFile; fileRef = EE01000000000000000000B0C /* MediaRemoteProvider.swift */; };
		BB010000000000000000001D /* DockPreviewCoordinator.swift in Sources */ = {isa = PBXBuildFile; fileRef = EE01000000000000000000B0D /* DockPreviewCoordinator.swift */; };
		BB010000000000000000001E /* MediaScriptRunner.swift in Sources */ = {isa = PBXBuildFile; fileRef = EE01000000000000000000B0E /* MediaScriptRunner.swift */; };
		BB010000000000000000001F /* ArtworkCache.swift in Sources */ = {isa = PBXBuildFile; fileRef = EE01000000000000000000B0F /* ArtworkCache.swift */; };
		BB0100000000000000000020 /* AppleScriptMediaProvider.swift in Sources */ = {isa = PBXBuildFile; fileRef = EE01000000000000000000B10 /* AppleScriptMediaProvider.swift */; };
		BB0100000000000000000021 /* BrowserMediaProvider.swift in Sources */ = {isa = PBXBuildFile; fileRef = EE01000000000000000000B11 /* BrowserMediaProvider.swift */; };
		BB0100000000000000000022 /* MediaCommandSender.swift in Sources */ = {isa = PBXBuildFile; fileRef = EE01000000000000000000B12 /* MediaCommandSender.swift */; };
		BB0100000000000000000024 /* SettingsGeneralPane.swift in Sources */ = {isa = PBXBuildFile; fileRef = EE01000000000000000000F7 /* SettingsGeneralPane.swift */; };
		BB0100000000000000000025 /* SettingsHoverPane.swift in Sources */ = {isa = PBXBuildFile; fileRef = EE01000000000000000000F8 /* SettingsHoverPane.swift */; };
		BB0100000000000000000026 /* SettingsWindowControlsPane.swift in Sources */ = {isa = PBXBuildFile; fileRef = EE01000000000000000000F9 /* SettingsWindowControlsPane.swift */; };
		BB0100000000000000000027 /* SettingsDockClickPane.swift in Sources */ = {isa = PBXBuildFile; fileRef = EE01000000000000000000FA /* SettingsDockClickPane.swift */; };
		BB0100000000000000000028 /* SettingsDisplaysPane.swift in Sources */ = {isa = PBXBuildFile; fileRef = EE01000000000000000000FB /* SettingsDisplaysPane.swift */; };
		BB0100000000000000000029 /* SettingsFinderPane.swift in Sources */ = {isa = PBXBuildFile; fileRef = EE01000000000000000000FC /* SettingsFinderPane.swift */; };
		BB010000000000000000002A /* SettingsPermissionsPane.swift in Sources */ = {isa = PBXBuildFile; fileRef = EE01000000000000000000FD /* SettingsPermissionsPane.swift */; };
		BB010000000000000000002B /* SettingsWindowSnappingPane.swift in Sources */ = {isa = PBXBuildFile; fileRef = EE01000000000000000000FE /* SettingsWindowSnappingPane.swift */; };
		BB010000000000000000002C /* SettingsNotchPane.swift in Sources */ = {isa = PBXBuildFile; fileRef = EE01000000000000000000FF /* SettingsNotchPane.swift */; };
		BB010000000000000000002D /* AboutWindow.swift in Sources */ = {isa = PBXBuildFile; fileRef = EE01000000000000000000E0 /* AboutWindow.swift */; };
		CC0100000000000000000001 /* FinderSync.swift in Sources */ = {isa = PBXBuildFile; fileRef = EE01000000000000000000C1 /* FinderSync.swift */; };
		CC0100000000000000000002 /* AppGroupConstants.swift in Sources */ = {isa = PBXBuildFile; fileRef = EE01000000000000000000A1 /* AppGroupConstants.swift */; };
		CC0100000000000000000003 /* PreferenceDefaults.swift in Sources */ = {isa = PBXBuildFile; fileRef = EE01000000000000000000A3 /* PreferenceDefaults.swift */; };
		CC0100000000000000000004 /* FileTemplateFactory.swift in Sources */ = {isa = PBXBuildFile; fileRef = EE01000000000000000000C5 /* FileTemplateFactory.swift */; };
		CC0100000000000000000010 /* Blank.docx in Resources */ = {isa = PBXBuildFile; fileRef = EE01000000000000000000C7 /* Blank.docx */; };
		CC0100000000000000000011 /* Blank.xlsx in Resources */ = {isa = PBXBuildFile; fileRef = EE01000000000000000000C8 /* Blank.xlsx */; };
		DD0100000000000000000001 /* FolderPreviewViewController.swift in Sources */ = {isa = PBXBuildFile; fileRef = EE01000000000000000000D1 /* FolderPreviewViewController.swift */; };
		DD0100000000000000000002 /* AppGroupConstants.swift in Sources */ = {isa = PBXBuildFile; fileRef = EE01000000000000000000A1 /* AppGroupConstants.swift */; };
		DD0100000000000000000003 /* PreferenceDefaults.swift in Sources */ = {isa = PBXBuildFile; fileRef = EE01000000000000000000A3 /* PreferenceDefaults.swift */; };
		DD0100000000000000000004 /* DirectoryTreeBuilder.swift in Sources */ = {isa = PBXBuildFile; fileRef = EE01000000000000000000D5 /* DirectoryTreeBuilder.swift */; };
		DD0100000000000000000005 /* DirectoryTreeFormatter.swift in Sources */ = {isa = PBXBuildFile; fileRef = EE01000000000000000000D6 /* DirectoryTreeFormatter.swift */; };
		MED111112222333344445556 /* MediaManager.swift in Sources */ = {isa = PBXBuildFile; fileRef = MED111112222333344445555 /* MediaManager.swift */; };
		MED111112222333344445558 /* MediaWidget.swift in Sources */ = {isa = PBXBuildFile; fileRef = MED111112222333344445557 /* MediaWidget.swift */; };
		TT0100000000000000000001 /* DirectoryTreeBuilderTests.swift in Sources */ = {isa = PBXBuildFile; fileRef = TT01000000000000000000A1 /* DirectoryTreeBuilderTests.swift */; };
		TT0100000000000000000002 /* FileTemplateFactoryTests.swift in Sources */ = {isa = PBXBuildFile; fileRef = TT01000000000000000000A2 /* FileTemplateFactoryTests.swift */; };
		TT0100000000000000000003 /* PreferenceDefaultsTests.swift in Sources */ = {isa = PBXBuildFile; fileRef = TT01000000000000000000A3 /* PreferenceDefaultsTests.swift */; };
		TT0100000000000000000004 /* WindowSnappingServiceTests.swift in Sources */ = {isa = PBXBuildFile; fileRef = TT01000000000000000000A4 /* WindowSnappingServiceTests.swift */; };
		TT0100000000000000000005 /* AXElementCoercionTests.swift in Sources */ = {isa = PBXBuildFile; fileRef = TT01000000000000000000A5 /* AXElementCoercionTests.swift */; };
		TT0100000000000000000011 /* DirectoryTreeBuilder.swift in Sources */ = {isa = PBXBuildFile; fileRef = EE01000000000000000000D5 /* DirectoryTreeBuilder.swift */; };
		TT0100000000000000000012 /* FileTemplateFactory.swift in Sources */ = {isa = PBXBuildFile; fileRef = EE01000000000000000000C5 /* FileTemplateFactory.swift */; };
		TT0100000000000000000013 /* AppGroupConstants.swift in Sources */ = {isa = PBXBuildFile; fileRef = EE01000000000000000000A1 /* AppGroupConstants.swift */; };
		TT0100000000000000000014 /* PreferenceDefaults.swift in Sources */ = {isa = PBXBuildFile; fileRef = EE01000000000000000000A3 /* PreferenceDefaults.swift */; };
		TT0100000000000000000015 /* SharedPreferences.swift in Sources */ = {isa = PBXBuildFile; fileRef = EE01000000000000000000A2 /* SharedPreferences.swift */; };
		TT0100000000000000000016 /* WindowSnappingService.swift in Sources */ = {isa = PBXBuildFile; fileRef = 12E36F08F0464D2BADD7B886 /* WindowSnappingService.swift */; };
		TT0100000000000000000017 /* ScreenGeometry.swift in Sources */ = {isa = PBXBuildFile; fileRef = EE01000000000000000000F5 /* ScreenGeometry.swift */; };
		TT0100000000000000000018 /* AXElementCoercion.swift in Sources */ = {isa = PBXBuildFile; fileRef = EE01000000000000000000B0 /* AXElementCoercion.swift */; };
/* End PBXBuildFile section */

/* Begin PBXContainerItemProxy section */
		BB0100000000000000000010 /* PBXContainerItemProxy */ = {
			isa = PBXContainerItemProxy;
			containerPortal = AA01000000000000000000F0 /* Project object */;
			proxyType = 1;
			remoteGlobalIDString = CC01000000000000000000F0;
			remoteInfo = AugmentFinder;
		};
		BB0100000000000000000011 /* PBXContainerItemProxy */ = {
			isa = PBXContainerItemProxy;
			containerPortal = AA01000000000000000000F0 /* Project object */;
			proxyType = 1;
			remoteGlobalIDString = DD01000000000000000000F0;
			remoteInfo = AugmentQL;
		};
/* End PBXContainerItemProxy section */

/* Begin PBXCopyFilesBuildPhase section */
		BB01000000000000000000F7 /* Embed Foundation Extensions */ = {
			isa = PBXCopyFilesBuildPhase;
			buildActionMask = 2147483647;
			dstPath = "";
			dstSubfolderSpec = 13;
			files = (
				BB010000000000000000000C /* AugmentFinder.appex in Embed Foundation Extensions */,
				BB010000000000000000000D /* AugmentQL.appex in Embed Foundation Extensions */,
			);
			name = "Embed Foundation Extensions";
			runOnlyForDeploymentPostprocessing = 0;
		};
/* End PBXCopyFilesBuildPhase section */

/* Begin PBXFileReference section */
		12E36F08F0464D2BADD7B886 /* WindowSnappingService.swift */ = {isa = PBXFileReference; lastKnownFileType = sourcecode.swift; path = WindowSnappingService.swift; sourceTree = "<group>"; };
		0B9566837BB2805B2BB39E9C /* WindowCutPasteService.swift */ = {isa = PBXFileReference; lastKnownFileType = sourcecode.swift; path = WindowCutPasteService.swift; sourceTree = "<group>"; };
		E1BD7E45C1443A57D3E7D08A /* FileCutPasteService.swift */ = {isa = PBXFileReference; lastKnownFileType = sourcecode.swift; path = FileCutPasteService.swift; sourceTree = "<group>"; };
		1D62F6ECA77DE205959EA32E /* CaffeinateService.swift */ = {isa = PBXFileReference; lastKnownFileType = sourcecode.swift; path = CaffeinateService.swift; sourceTree = "<group>"; };
		F61EB05C69A93F366DCB4A28 /* SnapLayoutsService.swift */ = {isa = PBXFileReference; lastKnownFileType = sourcecode.swift; path = SnapLayoutsService.swift; sourceTree = "<group>"; };
		EFE000523334D93C58DCCF3C /* WindowSwitcherService.swift */ = {isa = PBXFileReference; lastKnownFileType = sourcecode.swift; path = WindowSwitcherService.swift; sourceTree = "<group>"; };
		BE1E595A301027BC8D0D3843 /* SystemControlsService.swift */ = {isa = PBXFileReference; lastKnownFileType = sourcecode.swift; path = SystemControlsService.swift; sourceTree = "<group>"; };
		9E94E4FF33A70805A46FB5B1 /* FinderExtensionStatus.swift */ = {isa = PBXFileReference; lastKnownFileType = sourcecode.swift; path = FinderExtensionStatus.swift; sourceTree = "<group>"; };
		370707631BAB168E23D5599C /* MeetingsService.swift */ = {isa = PBXFileReference; lastKnownFileType = sourcecode.swift; path = MeetingsService.swift; sourceTree = "<group>"; };
		AE94E38BFF8BC8D3CF26D9DA /* DisplayKeysService.swift */ = {isa = PBXFileReference; lastKnownFileType = sourcecode.swift; path = DisplayKeysService.swift; sourceTree = "<group>"; };
		6A4167340C51A3568C3AF833 /* DisplayBrightnessService.swift */ = {isa = PBXFileReference; lastKnownFileType = sourcecode.swift; path = DisplayBrightnessService.swift; sourceTree = "<group>"; };
		8F4578CEA03E1CC3C1A69893 /* EventTapThread.swift */ = {isa = PBXFileReference; lastKnownFileType = sourcecode.swift; path = EventTapThread.swift; sourceTree = "<group>"; };
		77BCD54C7E7D22810C437159 /* DDCPrivateSymbols.swift */ = {isa = PBXFileReference; lastKnownFileType = sourcecode.swift; path = DDCPrivateSymbols.swift; sourceTree = "<group>"; };
		F7D13A664FB608966F3F2932 /* AudioProcessMixerService.swift */ = {isa = PBXFileReference; lastKnownFileType = sourcecode.swift; path = AudioProcessMixerService.swift; sourceTree = "<group>"; };
		C077CBBBF2DC20923F1BEE06 /* VolumeMixerSettingsPane.swift */ = {isa = PBXFileReference; lastKnownFileType = sourcecode.swift; path = VolumeMixerSettingsPane.swift; sourceTree = "<group>"; };
		114EAAB4F7ECBC5367D1F56C /* ClipboardHistoryService.swift */ = {isa = PBXFileReference; lastKnownFileType = sourcecode.swift; path = ClipboardHistoryService.swift; sourceTree = "<group>"; };
		5E40FF692D6549399922F7A2 /* NotchContentView.swift */ = {isa = PBXFileReference; lastKnownFileType = sourcecode.swift; path = NotchContentView.swift; sourceTree = "<group>"; };
		EE01000000000000000000A1 /* AppGroupConstants.swift */ = {isa = PBXFileReference; lastKnownFileType = sourcecode.swift; path = AppGroupConstants.swift; sourceTree = "<group>"; };
		EE01000000000000000000A2 /* SharedPreferences.swift */ = {isa = PBXFileReference; lastKnownFileType = sourcecode.swift; path = SharedPreferences.swift; sourceTree = "<group>"; };
		EE01000000000000000000A3 /* PreferenceDefaults.swift */ = {isa = PBXFileReference; lastKnownFileType = sourcecode.swift; path = PreferenceDefaults.swift; sourceTree = "<group>"; };
		EE01000000000000000000B0 /* AXElementCoercion.swift */ = {isa = PBXFileReference; lastKnownFileType = sourcecode.swift; path = AXElementCoercion.swift; sourceTree = "<group>"; };
		EE01000000000000000000B0B /* FinderBridgeService.swift */ = {isa = PBXFileReference; lastKnownFileType = sourcecode.swift; path = FinderBridgeService.swift; sourceTree = "<group>"; };
		EE01000000000000000000B0C /* MediaRemoteProvider.swift */ = {isa = PBXFileReference; lastKnownFileType = sourcecode.swift; path = MediaRemoteProvider.swift; sourceTree = "<group>"; };
		EE01000000000000000000B0D /* DockPreviewCoordinator.swift */ = {isa = PBXFileReference; lastKnownFileType = sourcecode.swift; path = DockPreviewCoordinator.swift; sourceTree = "<group>"; };
		EE01000000000000000000B0E /* MediaScriptRunner.swift */ = {isa = PBXFileReference; lastKnownFileType = sourcecode.swift; path = MediaScriptRunner.swift; sourceTree = "<group>"; };
		EE01000000000000000000B0F /* ArtworkCache.swift */ = {isa = PBXFileReference; lastKnownFileType = sourcecode.swift; path = ArtworkCache.swift; sourceTree = "<group>"; };
		EE01000000000000000000B1 /* AugmentApp.swift */ = {isa = PBXFileReference; lastKnownFileType = sourcecode.swift; path = AugmentApp.swift; sourceTree = "<group>"; };
		EE01000000000000000000B10 /* AppleScriptMediaProvider.swift */ = {isa = PBXFileReference; lastKnownFileType = sourcecode.swift; path = AppleScriptMediaProvider.swift; sourceTree = "<group>"; };
		EE01000000000000000000B11 /* BrowserMediaProvider.swift */ = {isa = PBXFileReference; lastKnownFileType = sourcecode.swift; path = BrowserMediaProvider.swift; sourceTree = "<group>"; };
		EE01000000000000000000B12 /* MediaCommandSender.swift */ = {isa = PBXFileReference; lastKnownFileType = sourcecode.swift; path = MediaCommandSender.swift; sourceTree = "<group>"; };
		EE01000000000000000000B2 /* AppDelegate.swift */ = {isa = PBXFileReference; lastKnownFileType = sourcecode.swift; path = AppDelegate.swift; sourceTree = "<group>"; };
		DFF901FD762092A5FF549D01 /* SelfTest.swift */ = {isa = PBXFileReference; lastKnownFileType = sourcecode.swift; path = SelfTest.swift; sourceTree = "<group>"; };
		FBE45FA7B18FD3BDBD620C81 /* FuncTest.swift */ = {isa = PBXFileReference; lastKnownFileType = sourcecode.swift; path = FuncTest.swift; sourceTree = "<group>"; };
		EE01000000000000000000B3 /* PermissionCoordinator.swift */ = {isa = PBXFileReference; lastKnownFileType = sourcecode.swift; path = PermissionCoordinator.swift; sourceTree = "<group>"; };
		B91459B780DD0EF8467D9F33 /* FeaturePermissions.swift */ = {isa = PBXFileReference; lastKnownFileType = sourcecode.swift; path = FeaturePermissions.swift; sourceTree = "<group>"; };
		EE01000000000000000000B4 /* DockInteractionService.swift */ = {isa = PBXFileReference; lastKnownFileType = sourcecode.swift; path = DockInteractionService.swift; sourceTree = "<group>"; };
		EE01000000000000000000B5 /* WindowDiscoveryService.swift */ = {isa = PBXFileReference; lastKnownFileType = sourcecode.swift; path = WindowDiscoveryService.swift; sourceTree = "<group>"; };
		EE01000000000000000000B6 /* VisualEffectView.swift */ = {isa = PBXFileReference; lastKnownFileType = sourcecode.swift; path = VisualEffectView.swift; sourceTree = "<group>"; };
		EE01000000000000000000B7 /* PermissionView.swift */ = {isa = PBXFileReference; lastKnownFileType = sourcecode.swift; path = PermissionView.swift; sourceTree = "<group>"; };
		EE01000000000000000000B8 /* OnboardingWindow.swift */ = {isa = PBXFileReference; lastKnownFileType = sourcecode.swift; path = OnboardingWindow.swift; sourceTree = "<group>"; };
		EE01000000000000000000B9 /* Info.plist */ = {isa = PBXFileReference; lastKnownFileType = text.plist.xml; path = Info.plist; sourceTree = "<group>"; };
		EE01000000000000000000BA /* Augment.entitlements */ = {isa = PBXFileReference; lastKnownFileType = text.plist.entitlements; path = Augment.entitlements; sourceTree = "<group>"; };
		EE01000000000000000000BB /* Assets.xcassets */ = {isa = PBXFileReference; lastKnownFileType = folder.assetcatalog; path = Assets.xcassets; sourceTree = "<group>"; };
		EE01000000000000000000BC /* Augment.app */ = {isa = PBXFileReference; explicitFileType = wrapper.application; includeInIndex = 0; path = Augment.app; sourceTree = BUILT_PRODUCTS_DIR; };
		EE01000000000000000000C1 /* FinderSync.swift */ = {isa = PBXFileReference; lastKnownFileType = sourcecode.swift; path = FinderSync.swift; sourceTree = "<group>"; };
		EE01000000000000000000C2 /* Info.plist */ = {isa = PBXFileReference; lastKnownFileType = text.plist.xml; path = Info.plist; sourceTree = "<group>"; };
		EE01000000000000000000C3 /* AugmentFinder.entitlements */ = {isa = PBXFileReference; lastKnownFileType = text.plist.entitlements; path = AugmentFinder.entitlements; sourceTree = "<group>"; };
		EE01000000000000000000C4 /* AugmentFinder.appex */ = {isa = PBXFileReference; explicitFileType = "wrapper.app-extension"; includeInIndex = 0; path = AugmentFinder.appex; sourceTree = BUILT_PRODUCTS_DIR; };
		EE01000000000000000000C5 /* FileTemplateFactory.swift */ = {isa = PBXFileReference; lastKnownFileType = sourcecode.swift; path = FileTemplateFactory.swift; sourceTree = "<group>"; };
		EE01000000000000000000C7 /* Blank.docx */ = {isa = PBXFileReference; lastKnownFileType = file; path = Blank.docx; sourceTree = "<group>"; };
		EE01000000000000000000C8 /* Blank.xlsx */ = {isa = PBXFileReference; lastKnownFileType = file; path = Blank.xlsx; sourceTree = "<group>"; };
		EE01000000000000000000D1 /* FolderPreviewViewController.swift */ = {isa = PBXFileReference; lastKnownFileType = sourcecode.swift; path = FolderPreviewViewController.swift; sourceTree = "<group>"; };
		EE01000000000000000000D2 /* Info.plist */ = {isa = PBXFileReference; lastKnownFileType = text.plist.xml; path = Info.plist; sourceTree = "<group>"; };
		EE01000000000000000000D3 /* AugmentQL.entitlements */ = {isa = PBXFileReference; lastKnownFileType = text.plist.entitlements; path = AugmentQL.entitlements; sourceTree = "<group>"; };
		EE01000000000000000000D4 /* AugmentQL.appex */ = {isa = PBXFileReference; explicitFileType = "wrapper.app-extension"; includeInIndex = 0; path = AugmentQL.appex; sourceTree = BUILT_PRODUCTS_DIR; };
		EE01000000000000000000D5 /* DirectoryTreeBuilder.swift */ = {isa = PBXFileReference; lastKnownFileType = sourcecode.swift; path = DirectoryTreeBuilder.swift; sourceTree = "<group>"; };
		EE01000000000000000000D6 /* DirectoryTreeFormatter.swift */ = {isa = PBXFileReference; lastKnownFileType = sourcecode.swift; path = DirectoryTreeFormatter.swift; sourceTree = "<group>"; };
		EE01000000000000000000E0 /* AboutWindow.swift */ = {isa = PBXFileReference; lastKnownFileType = sourcecode.swift; path = AboutWindow.swift; sourceTree = "<group>"; };
		EE01000000000000000000F1 /* DockPreviewPanelController.swift */ = {isa = PBXFileReference; lastKnownFileType = sourcecode.swift; path = DockPreviewPanelController.swift; sourceTree = "<group>"; };
		EE01000000000000000000F2 /* DockPreviewView.swift */ = {isa = PBXFileReference; lastKnownFileType = sourcecode.swift; path = DockPreviewView.swift; sourceTree = "<group>"; };
		EE01000000000000000000F3 /* WindowThumbnailCell.swift */ = {isa = PBXFileReference; lastKnownFileType = sourcecode.swift; path = WindowThumbnailCell.swift; sourceTree = "<group>"; };
		EE01000000000000000000F4 /* SettingsWindow.swift */ = {isa = PBXFileReference; lastKnownFileType = sourcecode.swift; path = SettingsWindow.swift; sourceTree = "<group>"; };
		076FCA03BCA773806F13022D /* SettingsPages.swift */ = {isa = PBXFileReference; lastKnownFileType = sourcecode.swift; path = SettingsPages.swift; sourceTree = "<group>"; };
		ED3A034DF7D3D89F818E5984 /* MirrorView.swift */ = {isa = PBXFileReference; lastKnownFileType = sourcecode.swift; path = MirrorView.swift; sourceTree = "<group>"; };
		4512C512C519FBCDE1C79563 /* SettingsExtras.swift */ = {isa = PBXFileReference; lastKnownFileType = sourcecode.swift; path = SettingsExtras.swift; sourceTree = "<group>"; };
		C83C06B5855A2289411119ED /* ClipboardPanel.swift */ = {isa = PBXFileReference; lastKnownFileType = sourcecode.swift; path = ClipboardPanel.swift; sourceTree = "<group>"; };
		CFC7F92EB2D778A44945D335 /* QuickPanel.swift */ = {isa = PBXFileReference; lastKnownFileType = sourcecode.swift; path = QuickPanel.swift; sourceTree = "<group>"; };
		EE01000000000000000000F5 /* ScreenGeometry.swift */ = {isa = PBXFileReference; lastKnownFileType = sourcecode.swift; path = ScreenGeometry.swift; sourceTree = "<group>"; };
		EE01000000000000000000F6 /* MouseEventCatcher.swift */ = {isa = PBXFileReference; lastKnownFileType = sourcecode.swift; path = MouseEventCatcher.swift; sourceTree = "<group>"; };
		EE01000000000000000000F7 /* SettingsGeneralPane.swift */ = {isa = PBXFileReference; lastKnownFileType = sourcecode.swift; path = SettingsGeneralPane.swift; sourceTree = "<group>"; };
		EE01000000000000000000F8 /* SettingsHoverPane.swift */ = {isa = PBXFileReference; lastKnownFileType = sourcecode.swift; path = SettingsHoverPane.swift; sourceTree = "<group>"; };
		EE01000000000000000000F9 /* SettingsWindowControlsPane.swift */ = {isa = PBXFileReference; lastKnownFileType = sourcecode.swift; path = SettingsWindowControlsPane.swift; sourceTree = "<group>"; };
		EE01000000000000000000FA /* SettingsDockClickPane.swift */ = {isa = PBXFileReference; lastKnownFileType = sourcecode.swift; path = SettingsDockClickPane.swift; sourceTree = "<group>"; };
		EE01000000000000000000FB /* SettingsDisplaysPane.swift */ = {isa = PBXFileReference; lastKnownFileType = sourcecode.swift; path = SettingsDisplaysPane.swift; sourceTree = "<group>"; };
		EE01000000000000000000FC /* SettingsFinderPane.swift */ = {isa = PBXFileReference; lastKnownFileType = sourcecode.swift; path = SettingsFinderPane.swift; sourceTree = "<group>"; };
		EE01000000000000000000FD /* SettingsPermissionsPane.swift */ = {isa = PBXFileReference; lastKnownFileType = sourcecode.swift; path = SettingsPermissionsPane.swift; sourceTree = "<group>"; };
		EE01000000000000000000FE /* SettingsWindowSnappingPane.swift */ = {isa = PBXFileReference; lastKnownFileType = sourcecode.swift; path = SettingsWindowSnappingPane.swift; sourceTree = "<group>"; };
		EE01000000000000000000FF /* SettingsNotchPane.swift */ = {isa = PBXFileReference; lastKnownFileType = sourcecode.swift; path = SettingsNotchPane.swift; sourceTree = "<group>"; };
		FB19F4D535C54C8A843E9381 /* NotchTypes.swift */ = {isa = PBXFileReference; lastKnownFileType = sourcecode.swift; path = NotchTypes.swift; sourceTree = "<group>"; };
		C89AAEF6725637658FA11CB5 /* AmbientColor.swift */ = {isa = PBXFileReference; lastKnownFileType = sourcecode.swift; path = AmbientColor.swift; sourceTree = "<group>"; };
		28CF7D0009E9937F17EEEEF3 /* MarqueeText.swift */ = {isa = PBXFileReference; lastKnownFileType = sourcecode.swift; path = MarqueeText.swift; sourceTree = "<group>"; };
		FD3648F803A94D75981B0769 /* NotchService.swift */ = {isa = PBXFileReference; lastKnownFileType = sourcecode.swift; path = NotchService.swift; sourceTree = "<group>"; };
		MED111112222333344445555 /* MediaManager.swift */ = {isa = PBXFileReference; lastKnownFileType = sourcecode.swift; path = MediaManager.swift; sourceTree = "<group>"; };
		MED111112222333344445557 /* MediaWidget.swift */ = {isa = PBXFileReference; lastKnownFileType = sourcecode.swift; path = MediaWidget.swift; sourceTree = "<group>"; };
		TT01000000000000000000A1 /* DirectoryTreeBuilderTests.swift */ = {isa = PBXFileReference; lastKnownFileType = sourcecode.swift; path = DirectoryTreeBuilderTests.swift; sourceTree = "<group>"; };
		TT01000000000000000000A2 /* FileTemplateFactoryTests.swift */ = {isa = PBXFileReference; lastKnownFileType = sourcecode.swift; path = FileTemplateFactoryTests.swift; sourceTree = "<group>"; };
		TT01000000000000000000A3 /* PreferenceDefaultsTests.swift */ = {isa = PBXFileReference; lastKnownFileType = sourcecode.swift; path = PreferenceDefaultsTests.swift; sourceTree = "<group>"; };
		TT01000000000000000000A4 /* WindowSnappingServiceTests.swift */ = {isa = PBXFileReference; lastKnownFileType = sourcecode.swift; path = WindowSnappingServiceTests.swift; sourceTree = "<group>"; };
		TT01000000000000000000A5 /* AXElementCoercionTests.swift */ = {isa = PBXFileReference; lastKnownFileType = sourcecode.swift; path = AXElementCoercionTests.swift; sourceTree = "<group>"; };
		TT01000000000000000000B1 /* AugmentTests.xctest */ = {isa = PBXFileReference; explicitFileType = wrapper.cfbundle; includeInIndex = 0; path = AugmentTests.xctest; sourceTree = BUILT_PRODUCTS_DIR; };
/* End PBXFileReference section */

/* Begin PBXFrameworksBuildPhase section */
		BB01000000000000000000F5 /* Frameworks */ = {
			isa = PBXFrameworksBuildPhase;
			buildActionMask = 2147483647;
			files = (
			);
			runOnlyForDeploymentPostprocessing = 0;
		};
		CC01000000000000000000F5 /* Frameworks */ = {
			isa = PBXFrameworksBuildPhase;
			buildActionMask = 2147483647;
			files = (
			);
			runOnlyForDeploymentPostprocessing = 0;
		};
		DD01000000000000000000F5 /* Frameworks */ = {
			isa = PBXFrameworksBuildPhase;
			buildActionMask = 2147483647;
			files = (
			);
			runOnlyForDeploymentPostprocessing = 0;
		};
		TT01000000000000000000F5 /* Frameworks */ = {
			isa = PBXFrameworksBuildPhase;
			buildActionMask = 2147483647;
			files = (
			);
			runOnlyForDeploymentPostprocessing = 0;
		};
/* End PBXFrameworksBuildPhase section */

/* Begin PBXGroup section */
		AA01000000000000000000F1 = {
			isa = PBXGroup;
			children = (
				EE01000000000000000000E1 /* Augment */,
				EE01000000000000000000E8 /* AugmentFinder */,
				EE01000000000000000000E9 /* AugmentQL */,
				TT01000000000000000000E1 /* AugmentTests */,
				AA01000000000000000000F2 /* Products */,
			);
			sourceTree = "<group>";
		};
		AA01000000000000000000F2 /* Products */ = {
			isa = PBXGroup;
			children = (
				EE01000000000000000000BC /* Augment.app */,
				EE01000000000000000000C4 /* AugmentFinder.appex */,
				EE01000000000000000000D4 /* AugmentQL.appex */,
				TT01000000000000000000B1 /* AugmentTests.xctest */,
			);
			name = Products;
			sourceTree = "<group>";
		};
		EE01000000000000000000C6 /* Templates */ = {
			isa = PBXGroup;
			children = (
				EE01000000000000000000C7 /* Blank.docx */,
				EE01000000000000000000C8 /* Blank.xlsx */,
			);
			path = Templates;
			sourceTree = "<group>";
		};
		EE01000000000000000000E1 /* Augment */ = {
			isa = PBXGroup;
			children = (
				EE01000000000000000000E2 /* App */,
				EE01000000000000000000E3 /* Permissions */,
				EE01000000000000000000E4 /* Shared */,
				EE01000000000000000000E5 /* Services */,
				EE01000000000000000000E6 /* UI */,
				EE01000000000000000000E7 /* Resources */,
				EE01000000000000000000B9 /* Info.plist */,
				EE01000000000000000000BA /* Augment.entitlements */,
			);
			path = Augment;
			sourceTree = "<group>";
		};
		EE01000000000000000000E2 /* App */ = {
			isa = PBXGroup;
			children = (
				EE01000000000000000000B1 /* AugmentApp.swift */,
				EE01000000000000000000B2 /* AppDelegate.swift */,
				DFF901FD762092A5FF549D01 /* SelfTest.swift */,
				FBE45FA7B18FD3BDBD620C81 /* FuncTest.swift */,
			);
			path = App;
			sourceTree = "<group>";
		};
		EE01000000000000000000E3 /* Permissions */ = {
			isa = PBXGroup;
			children = (
				EE01000000000000000000B3 /* PermissionCoordinator.swift */,
				B91459B780DD0EF8467D9F33 /* FeaturePermissions.swift */,
			);
			path = Permissions;
			sourceTree = "<group>";
		};
		EE01000000000000000000E4 /* Shared */ = {
			isa = PBXGroup;
			children = (
				EE01000000000000000000A1 /* AppGroupConstants.swift */,
				EE01000000000000000000A3 /* PreferenceDefaults.swift */,
				EE01000000000000000000A2 /* SharedPreferences.swift */,
			);
			path = Shared;
			sourceTree = "<group>";
		};
		EE01000000000000000000E5 /* Services */ = {
			isa = PBXGroup;
			children = (
				EE01000000000000000000B4 /* DockInteractionService.swift */,
				EE01000000000000000000B0D /* DockPreviewCoordinator.swift */,
				EE01000000000000000000B0B /* FinderBridgeService.swift */,
				EE01000000000000000000B5 /* WindowDiscoveryService.swift */,
				EE01000000000000000000B0 /* AXElementCoercion.swift */,
				EE01000000000000000000F5 /* ScreenGeometry.swift */,
				12E36F08F0464D2BADD7B886 /* WindowSnappingService.swift */,
				0B9566837BB2805B2BB39E9C /* WindowCutPasteService.swift */,
				E1BD7E45C1443A57D3E7D08A /* FileCutPasteService.swift */,
				1D62F6ECA77DE205959EA32E /* CaffeinateService.swift */,
				F61EB05C69A93F366DCB4A28 /* SnapLayoutsService.swift */,
				EFE000523334D93C58DCCF3C /* WindowSwitcherService.swift */,
				BE1E595A301027BC8D0D3843 /* SystemControlsService.swift */,
				9E94E4FF33A70805A46FB5B1 /* FinderExtensionStatus.swift */,
				370707631BAB168E23D5599C /* MeetingsService.swift */,
				AE94E38BFF8BC8D3CF26D9DA /* DisplayKeysService.swift */,
				6A4167340C51A3568C3AF833 /* DisplayBrightnessService.swift */,
				8F4578CEA03E1CC3C1A69893 /* EventTapThread.swift */,
				77BCD54C7E7D22810C437159 /* DDCPrivateSymbols.swift */,
				F7D13A664FB608966F3F2932 /* AudioProcessMixerService.swift */,
				114EAAB4F7ECBC5367D1F56C /* ClipboardHistoryService.swift */,
				FD3648F803A94D75981B0769 /* NotchService.swift */,
				MED111112222333344445555 /* MediaManager.swift */,
				EE01000000000000000000B0C /* MediaRemoteProvider.swift */,
				EE01000000000000000000B0E /* MediaScriptRunner.swift */,
				EE01000000000000000000B0F /* ArtworkCache.swift */,
				EE01000000000000000000B10 /* AppleScriptMediaProvider.swift */,
				EE01000000000000000000B11 /* BrowserMediaProvider.swift */,
				EE01000000000000000000B12 /* MediaCommandSender.swift */,
				FB19F4D535C54C8A843E9381 /* NotchTypes.swift */,
				C89AAEF6725637658FA11CB5 /* AmbientColor.swift */,
			);
			path = Services;
			sourceTree = "<group>";
		};
		EE01000000000000000000E6 /* UI */ = {
			isa = PBXGroup;
			children = (
				EE01000000000000000000E0 /* AboutWindow.swift */,
				EE01000000000000000000B6 /* VisualEffectView.swift */,
				28CF7D0009E9937F17EEEEF3 /* MarqueeText.swift */,
				C077CBBBF2DC20923F1BEE06 /* VolumeMixerSettingsPane.swift */,
				EE01000000000000000000B7 /* PermissionView.swift */,
				EE01000000000000000000B8 /* OnboardingWindow.swift */,
				EE01000000000000000000F1 /* DockPreviewPanelController.swift */,
				EE01000000000000000000F2 /* DockPreviewView.swift */,
				EE01000000000000000000F3 /* WindowThumbnailCell.swift */,
				EE01000000000000000000F4 /* SettingsWindow.swift */,
				076FCA03BCA773806F13022D /* SettingsPages.swift */,
				ED3A034DF7D3D89F818E5984 /* MirrorView.swift */,
				4512C512C519FBCDE1C79563 /* SettingsExtras.swift */,
				C83C06B5855A2289411119ED /* ClipboardPanel.swift */,
				CFC7F92EB2D778A44945D335 /* QuickPanel.swift */,
				EE01000000000000000000F7 /* SettingsGeneralPane.swift */,
				EE01000000000000000000F8 /* SettingsHoverPane.swift */,
				EE01000000000000000000F9 /* SettingsWindowControlsPane.swift */,
				EE01000000000000000000FA /* SettingsDockClickPane.swift */,
				EE01000000000000000000FB /* SettingsDisplaysPane.swift */,
				EE01000000000000000000FC /* SettingsFinderPane.swift */,
				EE01000000000000000000FD /* SettingsPermissionsPane.swift */,
				EE01000000000000000000FE /* SettingsWindowSnappingPane.swift */,
				EE01000000000000000000FF /* SettingsNotchPane.swift */,
				EE01000000000000000000F6 /* MouseEventCatcher.swift */,
				5E40FF692D6549399922F7A2 /* NotchContentView.swift */,
				MED111112222333344445557 /* MediaWidget.swift */,
			);
			path = UI;
			sourceTree = "<group>";
		};
		EE01000000000000000000E7 /* Resources */ = {
			isa = PBXGroup;
			children = (
				EE01000000000000000000BB /* Assets.xcassets */,
			);
			path = Resources;
			sourceTree = "<group>";
		};
		EE01000000000000000000E8 /* AugmentFinder */ = {
			isa = PBXGroup;
			children = (
				EE01000000000000000000C1 /* FinderSync.swift */,
				EE01000000000000000000C5 /* FileTemplateFactory.swift */,
				EE01000000000000000000C6 /* Templates */,
				EE01000000000000000000C2 /* Info.plist */,
				EE01000000000000000000C3 /* AugmentFinder.entitlements */,
			);
			path = AugmentFinder;
			sourceTree = "<group>";
		};
		EE01000000000000000000E9 /* AugmentQL */ = {
			isa = PBXGroup;
			children = (
				EE01000000000000000000D1 /* FolderPreviewViewController.swift */,
				EE01000000000000000000D5 /* DirectoryTreeBuilder.swift */,
				EE01000000000000000000D6 /* DirectoryTreeFormatter.swift */,
				EE01000000000000000000D2 /* Info.plist */,
				EE01000000000000000000D3 /* AugmentQL.entitlements */,
			);
			path = AugmentQL;
			sourceTree = "<group>";
		};
		TT01000000000000000000E1 /* AugmentTests */ = {
			isa = PBXGroup;
			children = (
				TT01000000000000000000A1 /* DirectoryTreeBuilderTests.swift */,
				TT01000000000000000000A2 /* FileTemplateFactoryTests.swift */,
				TT01000000000000000000A3 /* PreferenceDefaultsTests.swift */,
				TT01000000000000000000A4 /* WindowSnappingServiceTests.swift */,
				TT01000000000000000000A5 /* AXElementCoercionTests.swift */,
			);
			path = AugmentTests;
			sourceTree = "<group>";
		};
/* End PBXGroup section */

/* Begin PBXNativeTarget section */
		BB01000000000000000000F0 /* Augment */ = {
			isa = PBXNativeTarget;
			buildConfigurationList = BB01000000000000000000F1 /* Build configuration list for PBXNativeTarget "Augment" */;
			buildPhases = (
				BB01000000000000000000F4 /* Sources */,
				BB01000000000000000000F5 /* Frameworks */,
				BB01000000000000000000F6 /* Resources */,
				BB01000000000000000000F7 /* Embed Foundation Extensions */,
			);
			buildRules = (
			);
			dependencies = (
				BB010000000000000000000E /* PBXTargetDependency */,
				BB010000000000000000000F /* PBXTargetDependency */,
			);
			name = Augment;
			productName = Augment;
			productReference = EE01000000000000000000BC /* Augment.app */;
			productType = "com.apple.product-type.application";
		};
		CC01000000000000000000F0 /* AugmentFinder */ = {
			isa = PBXNativeTarget;
			buildConfigurationList = CC01000000000000000000F1 /* Build configuration list for PBXNativeTarget "AugmentFinder" */;
			buildPhases = (
				CC01000000000000000000F4 /* Sources */,
				CC01000000000000000000F5 /* Frameworks */,
				CC01000000000000000000F6 /* Resources */,
			);
			buildRules = (
			);
			dependencies = (
			);
			name = AugmentFinder;
			productName = AugmentFinder;
			productReference = EE01000000000000000000C4 /* AugmentFinder.appex */;
			productType = "com.apple.product-type.app-extension";
		};
		DD01000000000000000000F0 /* AugmentQL */ = {
			isa = PBXNativeTarget;
			buildConfigurationList = DD01000000000000000000F1 /* Build configuration list for PBXNativeTarget "AugmentQL" */;
			buildPhases = (
				DD01000000000000000000F4 /* Sources */,
				DD01000000000000000000F5 /* Frameworks */,
				DD01000000000000000000F6 /* Resources */,
			);
			buildRules = (
			);
			dependencies = (
			);
			name = AugmentQL;
			productName = AugmentQL;
			productReference = EE01000000000000000000D4 /* AugmentQL.appex */;
			productType = "com.apple.product-type.app-extension";
		};
		TT01000000000000000000F0 /* AugmentTests */ = {
			isa = PBXNativeTarget;
			buildConfigurationList = TT01000000000000000000F1 /* Build configuration list for PBXNativeTarget "AugmentTests" */;
			buildPhases = (
				TT01000000000000000000F4 /* Sources */,
				TT01000000000000000000F5 /* Frameworks */,
				TT01000000000000000000F6 /* Resources */,
			);
			buildRules = (
			);
			dependencies = (
			);
			name = AugmentTests;
			productName = AugmentTests;
			productReference = TT01000000000000000000B1 /* AugmentTests.xctest */;
			productType = "com.apple.product-type.bundle.unit-test";
		};
/* End PBXNativeTarget section */

/* Begin PBXProject section */
		AA01000000000000000000F0 /* Project object */ = {
			isa = PBXProject;
			attributes = {
				BuildIndependentTargetsInParallel = 1;
				LastSwiftUpdateCheck = 1500;
				LastUpgradeCheck = 1500;
				TargetAttributes = {
					BB01000000000000000000F0 = {
						CreatedOnToolsVersion = 15.0;
					};
					CC01000000000000000000F0 = {
						CreatedOnToolsVersion = 15.0;
					};
					DD01000000000000000000F0 = {
						CreatedOnToolsVersion = 15.0;
					};
					TT01000000000000000000F0 = {
						CreatedOnToolsVersion = 15.0;
					};
				};
			};
			buildConfigurationList = AA01000000000000000000F3 /* Build configuration list for PBXProject "Augment" */;
			compatibilityVersion = "Xcode 14.0";
			developmentRegion = en;
			hasScannedForEncodings = 0;
			knownRegions = (
				en,
				Base,
			);
			mainGroup = AA01000000000000000000F1;
			productRefGroup = AA01000000000000000000F2 /* Products */;
			projectDirPath = "";
			projectRoot = "";
			targets = (
				BB01000000000000000000F0 /* Augment */,
				CC01000000000000000000F0 /* AugmentFinder */,
				DD01000000000000000000F0 /* AugmentQL */,
				TT01000000000000000000F0 /* AugmentTests */,
			);
		};
/* End PBXProject section */

/* Begin PBXResourcesBuildPhase section */
		BB01000000000000000000F6 /* Resources */ = {
			isa = PBXResourcesBuildPhase;
			buildActionMask = 2147483647;
			files = (
				BB010000000000000000000B /* Assets.xcassets in Resources */,
			);
			runOnlyForDeploymentPostprocessing = 0;
		};
		CC01000000000000000000F6 /* Resources */ = {
			isa = PBXResourcesBuildPhase;
			buildActionMask = 2147483647;
			files = (
				CC0100000000000000000010 /* Blank.docx in Resources */,
				CC0100000000000000000011 /* Blank.xlsx in Resources */,
			);
			runOnlyForDeploymentPostprocessing = 0;
		};
		DD01000000000000000000F6 /* Resources */ = {
			isa = PBXResourcesBuildPhase;
			buildActionMask = 2147483647;
			files = (
			);
			runOnlyForDeploymentPostprocessing = 0;
		};
		TT01000000000000000000F6 /* Resources */ = {
			isa = PBXResourcesBuildPhase;
			buildActionMask = 2147483647;
			files = (
			);
			runOnlyForDeploymentPostprocessing = 0;
		};
/* End PBXResourcesBuildPhase section */

/* Begin PBXSourcesBuildPhase section */
		BB01000000000000000000F4 /* Sources */ = {
			isa = PBXSourcesBuildPhase;
			buildActionMask = 2147483647;
			files = (
				BB010000000000000000002D /* AboutWindow.swift in Sources */,
				BB0100000000000000000001 /* AugmentApp.swift in Sources */,
				BB0100000000000000000002 /* AppDelegate.swift in Sources */,
				82905E81026E8684AEB1F032 /* SelfTest.swift in Sources */,
				696C53C4C602AB45DE702ABB /* FuncTest.swift in Sources */,
				BB0100000000000000000003 /* PermissionCoordinator.swift in Sources */,
				0969C9BD7073EE450DF40448 /* FeaturePermissions.swift in Sources */,
				BB0100000000000000000004 /* AppGroupConstants.swift in Sources */,
				BB0100000000000000000005 /* SharedPreferences.swift in Sources */,
				BB0100000000000000000019 /* PreferenceDefaults.swift in Sources */,
				BB0100000000000000000006 /* DockInteractionService.swift in Sources */,
				BB010000000000000000001D /* DockPreviewCoordinator.swift in Sources */,
				BB010000000000000000001B /* FinderBridgeService.swift in Sources */,
				BB0100000000000000000007 /* WindowDiscoveryService.swift in Sources */,
				BB010000000000000000001A /* AXElementCoercion.swift in Sources */,
				BB0100000000000000000008 /* VisualEffectView.swift in Sources */,
				DDC7AFF507E0D0D6D2CF5CEA /* MarqueeText.swift in Sources */,
				BB0100000000000000000009 /* PermissionView.swift in Sources */,
				BB010000000000000000000A /* OnboardingWindow.swift in Sources */,
				BB0100000000000000000012 /* DockPreviewPanelController.swift in Sources */,
				BB0100000000000000000013 /* DockPreviewView.swift in Sources */,
				BB0100000000000000000014 /* WindowThumbnailCell.swift in Sources */,
				BB0100000000000000000015 /* SettingsWindow.swift in Sources */,
				63B9064524B7B3E0166650CB /* SettingsPages.swift in Sources */,
				90D09F265ED7FF2FA81F487D /* MirrorView.swift in Sources */,
				071EA2B531D95BE2684A9464 /* SettingsExtras.swift in Sources */,
				9818B199B973AB3227754A32 /* ClipboardPanel.swift in Sources */,
				1A557829A1233B1A66896309 /* QuickPanel.swift in Sources */,
				BB0100000000000000000024 /* SettingsGeneralPane.swift in Sources */,
				BB0100000000000000000025 /* SettingsHoverPane.swift in Sources */,
				BB0100000000000000000026 /* SettingsWindowControlsPane.swift in Sources */,
				BB0100000000000000000027 /* SettingsDockClickPane.swift in Sources */,
				BB0100000000000000000028 /* SettingsDisplaysPane.swift in Sources */,
				BB0100000000000000000029 /* SettingsFinderPane.swift in Sources */,
				BB010000000000000000002A /* SettingsPermissionsPane.swift in Sources */,
				BB010000000000000000002B /* SettingsWindowSnappingPane.swift in Sources */,
				BB010000000000000000002C /* SettingsNotchPane.swift in Sources */,
				BB0100000000000000000016 /* ScreenGeometry.swift in Sources */,
				BB0100000000000000000017 /* MouseEventCatcher.swift in Sources */,
				BB0100000000000000000018 /* FileTemplateFactory.swift in Sources */,
				3E8E8440A5034EA4A78E134F /* WindowSnappingService.swift in Sources */,
				F17151A93D0740C6295F5929 /* WindowCutPasteService.swift in Sources */,
				554664E9216AD4758CA6043F /* FileCutPasteService.swift in Sources */,
				C0C2C1BA0089B6EEBDEA7C26 /* CaffeinateService.swift in Sources */,
				8FE40C95F4D325608464BB43 /* SnapLayoutsService.swift in Sources */,
				0E2CE5D098313C52DA5B40BB /* WindowSwitcherService.swift in Sources */,
				61DF44EC59BFD918993EEFA6 /* SystemControlsService.swift in Sources */,
				55B828C3ED3B8CEA41D27B46 /* FinderExtensionStatus.swift in Sources */,
				5DDF7947BCAA28AEC95E049A /* MeetingsService.swift in Sources */,
				7C49F31B3909702F7899639F /* DisplayKeysService.swift in Sources */,
				0A76B02B2BBA44720D885117 /* DisplayBrightnessService.swift in Sources */,
				EA55D0AE3C2F8D4C5A1E2677 /* EventTapThread.swift in Sources */,
				28EAF47FBC1C22A2F11F80DA /* DDCPrivateSymbols.swift in Sources */,
				40143AC680A92CF29BC9AE30 /* AudioProcessMixerService.swift in Sources */,
				2D5B490A7CE5ABA23699E118 /* VolumeMixerSettingsPane.swift in Sources */,
				86983F25D48233F1F12A9B54 /* ClipboardHistoryService.swift in Sources */,
				680207686D59420B9D70469A /* NotchService.swift in Sources */,
				MED111112222333344445556 /* MediaManager.swift in Sources */,
				BB010000000000000000001C /* MediaRemoteProvider.swift in Sources */,
				BB010000000000000000001E /* MediaScriptRunner.swift in Sources */,
				BB010000000000000000001F /* ArtworkCache.swift in Sources */,
				BB0100000000000000000020 /* AppleScriptMediaProvider.swift in Sources */,
				BB0100000000000000000021 /* BrowserMediaProvider.swift in Sources */,
				BB0100000000000000000022 /* MediaCommandSender.swift in Sources */,
				MED111112222333344445558 /* MediaWidget.swift in Sources */,
				5F8E6717B8D749EF8C44C12B /* NotchContentView.swift in Sources */,
				468B4E45868D4DD295A99A4A /* NotchTypes.swift in Sources */,
				E31BA590636557258287A190 /* AmbientColor.swift in Sources */,
			);
			runOnlyForDeploymentPostprocessing = 0;
		};
		CC01000000000000000000F4 /* Sources */ = {
			isa = PBXSourcesBuildPhase;
			buildActionMask = 2147483647;
			files = (
				CC0100000000000000000001 /* FinderSync.swift in Sources */,
				CC0100000000000000000002 /* AppGroupConstants.swift in Sources */,
				CC0100000000000000000003 /* PreferenceDefaults.swift in Sources */,
				CC0100000000000000000004 /* FileTemplateFactory.swift in Sources */,
			);
			runOnlyForDeploymentPostprocessing = 0;
		};
		DD01000000000000000000F4 /* Sources */ = {
			isa = PBXSourcesBuildPhase;
			buildActionMask = 2147483647;
			files = (
				DD0100000000000000000001 /* FolderPreviewViewController.swift in Sources */,
				DD0100000000000000000002 /* AppGroupConstants.swift in Sources */,
				DD0100000000000000000003 /* PreferenceDefaults.swift in Sources */,
				DD0100000000000000000004 /* DirectoryTreeBuilder.swift in Sources */,
				DD0100000000000000000005 /* DirectoryTreeFormatter.swift in Sources */,
			);
			runOnlyForDeploymentPostprocessing = 0;
		};
		TT01000000000000000000F4 /* Sources */ = {
			isa = PBXSourcesBuildPhase;
			buildActionMask = 2147483647;
			files = (
				TT0100000000000000000001 /* DirectoryTreeBuilderTests.swift in Sources */,
				TT0100000000000000000002 /* FileTemplateFactoryTests.swift in Sources */,
				TT0100000000000000000003 /* PreferenceDefaultsTests.swift in Sources */,
				TT0100000000000000000004 /* WindowSnappingServiceTests.swift in Sources */,
				TT0100000000000000000005 /* AXElementCoercionTests.swift in Sources */,
				TT0100000000000000000011 /* DirectoryTreeBuilder.swift in Sources */,
				TT0100000000000000000012 /* FileTemplateFactory.swift in Sources */,
				TT0100000000000000000013 /* AppGroupConstants.swift in Sources */,
				TT0100000000000000000014 /* PreferenceDefaults.swift in Sources */,
				TT0100000000000000000015 /* SharedPreferences.swift in Sources */,
				TT0100000000000000000016 /* WindowSnappingService.swift in Sources */,
				TT0100000000000000000017 /* ScreenGeometry.swift in Sources */,
				TT0100000000000000000018 /* AXElementCoercion.swift in Sources */,
			);
			runOnlyForDeploymentPostprocessing = 0;
		};
/* End PBXSourcesBuildPhase section */

/* Begin PBXTargetDependency section */
		BB010000000000000000000E /* PBXTargetDependency */ = {
			isa = PBXTargetDependency;
			target = CC01000000000000000000F0 /* AugmentFinder */;
			targetProxy = BB0100000000000000000010 /* PBXContainerItemProxy */;
		};
		BB010000000000000000000F /* PBXTargetDependency */ = {
			isa = PBXTargetDependency;
			target = DD01000000000000000000F0 /* AugmentQL */;
			targetProxy = BB0100000000000000000011 /* PBXContainerItemProxy */;
		};
/* End PBXTargetDependency section */

/* Begin XCBuildConfiguration section */
		AA01000000000000000000F4 /* Debug */ = {
			isa = XCBuildConfiguration;
			buildSettings = {
				ALWAYS_SEARCH_USER_PATHS = NO;
				ASSETCATALOG_COMPILER_GENERATE_SWIFT_ASSET_SYMBOL_EXTENSIONS = YES;
				CLANG_ANALYZER_NONNULL = YES;
				CLANG_ANALYZER_NUMBER_OBJECT_CONVERSION = YES_AGGRESSIVE;
				CLANG_CXX_LANGUAGE_STANDARD = "gnu++20";
				CLANG_ENABLE_MODULES = YES;
				CLANG_ENABLE_OBJC_ARC = YES;
				CLANG_ENABLE_OBJC_WEAK = YES;
				CLANG_WARN_BLOCK_CAPTURE_AUTORELEASING = YES;
				CLANG_WARN_BOOL_CONVERSION = YES;
				CLANG_WARN_COMMA = YES;
				CLANG_WARN_CONSTANT_CONVERSION = YES;
				CLANG_WARN_DEPRECATED_OBJC_IMPLEMENTATIONS = YES;
				CLANG_WARN_DIRECT_OBJC_ISA_USAGE = YES_ERROR;
				CLANG_WARN_DOCUMENTATION_COMMENTS = YES;
				CLANG_WARN_EMPTY_BODY = YES;
				CLANG_WARN_ENUM_CONVERSION = YES;
				CLANG_WARN_INFINITE_RECURSION = YES;
				CLANG_WARN_INT_CONVERSION = YES;
				CLANG_WARN_NON_LITERAL_NULL_CONVERSION = YES;
				CLANG_WARN_OBJC_IMPLICIT_RETAIN_SELF = YES;
				CLANG_WARN_OBJC_LITERAL_CONVERSION = YES;
				CLANG_WARN_OBJC_ROOT_CLASS = YES_ERROR;
				CLANG_WARN_QUOTED_INCLUDE_IN_FRAMEWORK_HEADER = YES;
				CLANG_WARN_RANGE_LOOP_ANALYSIS = YES;
				CLANG_WARN_STRICT_PROTOTYPES = YES;
				CLANG_WARN_SUSPICIOUS_MOVE = YES;
				CLANG_WARN_UNGUARDED_AVAILABILITY = YES_AGGRESSIVE;
				CLANG_WARN_UNREACHABLE_CODE = YES;
				CLANG_WARN__DUPLICATE_METHOD_MATCH = YES;
				COPY_PHASE_STRIP = NO;
				DEAD_CODE_STRIPPING = YES;
				DEBUG_INFORMATION_FORMAT = dwarf;
				ENABLE_STRICT_OBJC_MSGSEND = YES;
				ENABLE_TESTABILITY = YES;
				ENABLE_USER_SCRIPT_SANDBOXING = YES;
				GCC_C_LANGUAGE_STANDARD = gnu17;
				GCC_DYNAMIC_NO_PIC = NO;
				GCC_NO_COMMON_BLOCKS = YES;
				GCC_OPTIMIZATION_LEVEL = 0;
				GCC_PREPROCESSOR_DEFINITIONS = (
					"DEBUG=1",
					"$(inherited)",
				);
				GCC_WARN_64_TO_32_BIT_CONVERSION = YES;
				GCC_WARN_ABOUT_RETURN_TYPE = YES_ERROR;
				GCC_WARN_UNDECLARED_SELECTOR = YES;
				GCC_WARN_UNINITIALIZED_AUTOS = YES_AGGRESSIVE;
				GCC_WARN_UNUSED_FUNCTION = YES;
				GCC_WARN_UNUSED_VARIABLE = YES;
				LOCALIZATION_PREFERS_STRING_CATALOGS = YES;
				MACOSX_DEPLOYMENT_TARGET = 13.0;
				MTL_ENABLE_DEBUG_INFO = INCLUDE_SOURCE;
				MTL_FAST_MATH = YES;
				ONLY_ACTIVE_ARCH = YES;
				SDKROOT = macosx;
				SWIFT_ACTIVE_COMPILATION_CONDITIONS = "DEBUG $(inherited)";
				SWIFT_OPTIMIZATION_LEVEL = "-Onone";
			};
			name = Debug;
		};
		AA01000000000000000000F5 /* Release */ = {
			isa = XCBuildConfiguration;
			buildSettings = {
				ALWAYS_SEARCH_USER_PATHS = NO;
				ASSETCATALOG_COMPILER_GENERATE_SWIFT_ASSET_SYMBOL_EXTENSIONS = YES;
				CLANG_ANALYZER_NONNULL = YES;
				CLANG_ANALYZER_NUMBER_OBJECT_CONVERSION = YES_AGGRESSIVE;
				CLANG_CXX_LANGUAGE_STANDARD = "gnu++20";
				CLANG_ENABLE_MODULES = YES;
				CLANG_ENABLE_OBJC_ARC = YES;
				CLANG_ENABLE_OBJC_WEAK = YES;
				CLANG_WARN_BLOCK_CAPTURE_AUTORELEASING = YES;
				CLANG_WARN_BOOL_CONVERSION = YES;
				CLANG_WARN_COMMA = YES;
				CLANG_WARN_CONSTANT_CONVERSION = YES;
				CLANG_WARN_DEPRECATED_OBJC_IMPLEMENTATIONS = YES;
				CLANG_WARN_DIRECT_OBJC_ISA_USAGE = YES_ERROR;
				CLANG_WARN_DOCUMENTATION_COMMENTS = YES;
				CLANG_WARN_EMPTY_BODY = YES;
				CLANG_WARN_ENUM_CONVERSION = YES;
				CLANG_WARN_INFINITE_RECURSION = YES;
				CLANG_WARN_INT_CONVERSION = YES;
				CLANG_WARN_NON_LITERAL_NULL_CONVERSION = YES;
				CLANG_WARN_OBJC_IMPLICIT_RETAIN_SELF = YES;
				CLANG_WARN_OBJC_LITERAL_CONVERSION = YES;
				CLANG_WARN_OBJC_ROOT_CLASS = YES_ERROR;
				CLANG_WARN_QUOTED_INCLUDE_IN_FRAMEWORK_HEADER = YES;
				CLANG_WARN_RANGE_LOOP_ANALYSIS = YES;
				CLANG_WARN_STRICT_PROTOTYPES = YES;
				CLANG_WARN_SUSPICIOUS_MOVE = YES;
				CLANG_WARN_UNGUARDED_AVAILABILITY = YES_AGGRESSIVE;
				CLANG_WARN_UNREACHABLE_CODE = YES;
				CLANG_WARN__DUPLICATE_METHOD_MATCH = YES;
				COPY_PHASE_STRIP = NO;
				DEAD_CODE_STRIPPING = YES;
				DEBUG_INFORMATION_FORMAT = "dwarf-with-dsym";
				ENABLE_NS_ASSERTIONS = NO;
				ENABLE_STRICT_OBJC_MSGSEND = YES;
				ENABLE_USER_SCRIPT_SANDBOXING = YES;
				GCC_C_LANGUAGE_STANDARD = gnu17;
				GCC_NO_COMMON_BLOCKS = YES;
				GCC_WARN_64_TO_32_BIT_CONVERSION = YES;
				GCC_WARN_ABOUT_RETURN_TYPE = YES_ERROR;
				GCC_WARN_UNDECLARED_SELECTOR = YES;
				GCC_WARN_UNINITIALIZED_AUTOS = YES_AGGRESSIVE;
				GCC_WARN_UNUSED_FUNCTION = YES;
				GCC_WARN_UNUSED_VARIABLE = YES;
				LOCALIZATION_PREFERS_STRING_CATALOGS = YES;
				MACOSX_DEPLOYMENT_TARGET = 13.0;
				MTL_ENABLE_DEBUG_INFO = NO;
				MTL_FAST_MATH = YES;
				SDKROOT = macosx;
				SWIFT_COMPILATION_MODE = wholemodule;
			};
			name = Release;
		};
		BB01000000000000000000F2 /* Debug */ = {
			isa = XCBuildConfiguration;
			buildSettings = {
				ASSETCATALOG_COMPILER_APPICON_NAME = AppIcon;
				ASSETCATALOG_COMPILER_GLOBAL_ACCENT_COLOR_NAME = AccentColor;
				CODE_SIGN_ALLOW_ENTITLEMENTS_MODIFICATION = YES;
				CODE_SIGN_ENTITLEMENTS = Augment/Augment.entitlements;
				"CODE_SIGN_IDENTITY[sdk=macosx*]" = "Apple Development";
				CODE_SIGN_STYLE = Automatic;
				COMBINE_HIDPI_IMAGES = YES;
				CURRENT_PROJECT_VERSION = 3;
				DEVELOPMENT_TEAM = LUPJND3R24;
				ENABLE_APP_SANDBOX = NO;
				ENABLE_HARDENED_RUNTIME = YES;
				GENERATE_INFOPLIST_FILE = NO;
				INFOPLIST_FILE = Augment/Info.plist;
				INFOPLIST_KEY_LSApplicationCategoryType = "public.app-category.utilities";
				LD_RUNPATH_SEARCH_PATHS = (
					"$(inherited)",
					"@executable_path/../Frameworks",
				);
				MARKETING_VERSION = 1.0.2;
				PRODUCT_BUNDLE_IDENTIFIER = com.anilipeksumer.augment;
				PRODUCT_NAME = "$(TARGET_NAME)";
				SWIFT_EMIT_LOC_STRINGS = YES;
				SWIFT_VERSION = 5.0;
			};
			name = Debug;
		};
		BB01000000000000000000F3 /* Release */ = {
			isa = XCBuildConfiguration;
			buildSettings = {
				ASSETCATALOG_COMPILER_APPICON_NAME = AppIcon;
				ASSETCATALOG_COMPILER_GLOBAL_ACCENT_COLOR_NAME = AccentColor;
				CODE_SIGN_ALLOW_ENTITLEMENTS_MODIFICATION = YES;
				CODE_SIGN_ENTITLEMENTS = Augment/Augment.entitlements;
				"CODE_SIGN_IDENTITY[sdk=macosx*]" = "Apple Development";
				CODE_SIGN_STYLE = Automatic;
				COMBINE_HIDPI_IMAGES = YES;
				CURRENT_PROJECT_VERSION = 3;
				DEVELOPMENT_TEAM = LUPJND3R24;
				ENABLE_APP_SANDBOX = NO;
				ENABLE_HARDENED_RUNTIME = YES;
				GENERATE_INFOPLIST_FILE = NO;
				INFOPLIST_FILE = Augment/Info.plist;
				INFOPLIST_KEY_LSApplicationCategoryType = "public.app-category.utilities";
				LD_RUNPATH_SEARCH_PATHS = (
					"$(inherited)",
					"@executable_path/../Frameworks",
				);
				MARKETING_VERSION = 1.0.2;
				PRODUCT_BUNDLE_IDENTIFIER = com.anilipeksumer.augment;
				PRODUCT_NAME = "$(TARGET_NAME)";
				SWIFT_EMIT_LOC_STRINGS = YES;
				SWIFT_VERSION = 5.0;
			};
			name = Release;
		};
		CC01000000000000000000F2 /* Debug */ = {
			isa = XCBuildConfiguration;
			buildSettings = {
				CODE_SIGN_ENTITLEMENTS = AugmentFinder/AugmentFinder.entitlements;
				CODE_SIGN_STYLE = Automatic;
				CURRENT_PROJECT_VERSION = 3;
				DEVELOPMENT_TEAM = LUPJND3R24;
				ENABLE_HARDENED_RUNTIME = YES;
				GENERATE_INFOPLIST_FILE = NO;
				INFOPLIST_FILE = AugmentFinder/Info.plist;
				LD_RUNPATH_SEARCH_PATHS = (
					"$(inherited)",
					"@executable_path/../Frameworks",
					"@executable_path/../../../../Frameworks",
				);
				MARKETING_VERSION = 1.0.2;
				PRODUCT_BUNDLE_IDENTIFIER = com.anilipeksumer.augment.findersync;
				PRODUCT_NAME = "$(TARGET_NAME)";
				SKIP_INSTALL = YES;
				SWIFT_EMIT_LOC_STRINGS = YES;
				SWIFT_VERSION = 5.0;
				WRAPPER_EXTENSION = appex;
			};
			name = Debug;
		};
		CC01000000000000000000F3 /* Release */ = {
			isa = XCBuildConfiguration;
			buildSettings = {
				CODE_SIGN_ENTITLEMENTS = AugmentFinder/AugmentFinder.entitlements;
				CODE_SIGN_STYLE = Automatic;
				CURRENT_PROJECT_VERSION = 3;
				DEVELOPMENT_TEAM = LUPJND3R24;
				ENABLE_HARDENED_RUNTIME = YES;
				GENERATE_INFOPLIST_FILE = NO;
				INFOPLIST_FILE = AugmentFinder/Info.plist;
				LD_RUNPATH_SEARCH_PATHS = (
					"$(inherited)",
					"@executable_path/../Frameworks",
					"@executable_path/../../../../Frameworks",
				);
				MARKETING_VERSION = 1.0.2;
				PRODUCT_BUNDLE_IDENTIFIER = com.anilipeksumer.augment.findersync;
				PRODUCT_NAME = "$(TARGET_NAME)";
				SKIP_INSTALL = YES;
				SWIFT_EMIT_LOC_STRINGS = YES;
				SWIFT_VERSION = 5.0;
				WRAPPER_EXTENSION = appex;
			};
			name = Release;
		};
		DD01000000000000000000F2 /* Debug */ = {
			isa = XCBuildConfiguration;
			buildSettings = {
				CODE_SIGN_ALLOW_ENTITLEMENTS_MODIFICATION = YES;
				CODE_SIGN_ENTITLEMENTS = AugmentQL/AugmentQL.entitlements;
				CODE_SIGN_STYLE = Automatic;
				CURRENT_PROJECT_VERSION = 3;
				DEVELOPMENT_TEAM = LUPJND3R24;
				ENABLE_HARDENED_RUNTIME = YES;
				GENERATE_INFOPLIST_FILE = NO;
				INFOPLIST_FILE = AugmentQL/Info.plist;
				LD_RUNPATH_SEARCH_PATHS = (
					"$(inherited)",
					"@executable_path/../Frameworks",
					"@executable_path/../../../../Frameworks",
				);
				MARKETING_VERSION = 1.0.2;
				PRODUCT_BUNDLE_IDENTIFIER = com.anilipeksumer.augment.quicklook;
				PRODUCT_NAME = "$(TARGET_NAME)";
				SKIP_INSTALL = YES;
				SWIFT_EMIT_LOC_STRINGS = YES;
				SWIFT_VERSION = 5.0;
				WRAPPER_EXTENSION = appex;
			};
			name = Debug;
		};
		DD01000000000000000000F3 /* Release */ = {
			isa = XCBuildConfiguration;
			buildSettings = {
				CODE_SIGN_ALLOW_ENTITLEMENTS_MODIFICATION = YES;
				CODE_SIGN_ENTITLEMENTS = AugmentQL/AugmentQL.entitlements;
				CODE_SIGN_STYLE = Automatic;
				CURRENT_PROJECT_VERSION = 3;
				DEVELOPMENT_TEAM = LUPJND3R24;
				ENABLE_HARDENED_RUNTIME = YES;
				GENERATE_INFOPLIST_FILE = NO;
				INFOPLIST_FILE = AugmentQL/Info.plist;
				LD_RUNPATH_SEARCH_PATHS = (
					"$(inherited)",
					"@executable_path/../Frameworks",
					"@executable_path/../../../../Frameworks",
				);
				MARKETING_VERSION = 1.0.2;
				PRODUCT_BUNDLE_IDENTIFIER = com.anilipeksumer.augment.quicklook;
				PRODUCT_NAME = "$(TARGET_NAME)";
				SKIP_INSTALL = YES;
				SWIFT_EMIT_LOC_STRINGS = YES;
				SWIFT_VERSION = 5.0;
				WRAPPER_EXTENSION = appex;
			};
			name = Release;
		};
		TT01000000000000000000F2 /* Debug */ = {
			isa = XCBuildConfiguration;
			buildSettings = {
				CODE_SIGN_STYLE = Automatic;
				CURRENT_PROJECT_VERSION = 3;
				DEVELOPMENT_TEAM = LUPJND3R24;
				GENERATE_INFOPLIST_FILE = YES;
				LD_RUNPATH_SEARCH_PATHS = (
					"$(inherited)",
					"@executable_path/../Frameworks",
					"@loader_path/../Frameworks",
				);
				MARKETING_VERSION = 1.0.2;
				PRODUCT_BUNDLE_IDENTIFIER = com.anilipeksumer.augment.tests;
				PRODUCT_NAME = "$(TARGET_NAME)";
				SKIP_INSTALL = YES;
				SWIFT_EMIT_LOC_STRINGS = NO;
				SWIFT_VERSION = 5.0;
				WRAPPER_EXTENSION = xctest;
			};
			name = Debug;
		};
		TT01000000000000000000F3 /* Release */ = {
			isa = XCBuildConfiguration;
			buildSettings = {
				CODE_SIGN_STYLE = Automatic;
				CURRENT_PROJECT_VERSION = 3;
				DEVELOPMENT_TEAM = LUPJND3R24;
				GENERATE_INFOPLIST_FILE = YES;
				LD_RUNPATH_SEARCH_PATHS = (
					"$(inherited)",
					"@executable_path/../Frameworks",
					"@loader_path/../Frameworks",
				);
				MARKETING_VERSION = 1.0.2;
				PRODUCT_BUNDLE_IDENTIFIER = com.anilipeksumer.augment.tests;
				PRODUCT_NAME = "$(TARGET_NAME)";
				SKIP_INSTALL = YES;
				SWIFT_EMIT_LOC_STRINGS = NO;
				SWIFT_VERSION = 5.0;
				WRAPPER_EXTENSION = xctest;
			};
			name = Release;
		};
/* End XCBuildConfiguration section */

/* Begin XCConfigurationList section */
		AA01000000000000000000F3 /* Build configuration list for PBXProject "Augment" */ = {
			isa = XCConfigurationList;
			buildConfigurations = (
				AA01000000000000000000F4 /* Debug */,
				AA01000000000000000000F5 /* Release */,
			);
			defaultConfigurationIsVisible = 0;
			defaultConfigurationName = Release;
		};
		BB01000000000000000000F1 /* Build configuration list for PBXNativeTarget "Augment" */ = {
			isa = XCConfigurationList;
			buildConfigurations = (
				BB01000000000000000000F2 /* Debug */,
				BB01000000000000000000F3 /* Release */,
			);
			defaultConfigurationIsVisible = 0;
			defaultConfigurationName = Release;
		};
		CC01000000000000000000F1 /* Build configuration list for PBXNativeTarget "AugmentFinder" */ = {
			isa = XCConfigurationList;
			buildConfigurations = (
				CC01000000000000000000F2 /* Debug */,
				CC01000000000000000000F3 /* Release */,
			);
			defaultConfigurationIsVisible = 0;
			defaultConfigurationName = Release;
		};
		DD01000000000000000000F1 /* Build configuration list for PBXNativeTarget "AugmentQL" */ = {
			isa = XCConfigurationList;
			buildConfigurations = (
				DD01000000000000000000F2 /* Debug */,
				DD01000000000000000000F3 /* Release */,
			);
			defaultConfigurationIsVisible = 0;
			defaultConfigurationName = Release;
		};
		TT01000000000000000000F1 /* Build configuration list for PBXNativeTarget "AugmentTests" */ = {
			isa = XCConfigurationList;
			buildConfigurations = (
				TT01000000000000000000F2 /* Debug */,
				TT01000000000000000000F3 /* Release */,
			);
			defaultConfigurationIsVisible = 0;
			defaultConfigurationName = Release;
		};
/* End XCConfigurationList section */
	};
	rootObject = AA01000000000000000000F0 /* Project object */;
}
